// !$*UTF8*$!
{
	archiveVersion = 1;
	classes = {
	};
	objectVersion = 56;
	objects = {

/* Begin PBXBuildFile section */
		350B04D02A4F5F4300EF38DB /* AppDelegate.swift in Sources */ = {isa = PBXBuildFile; fileRef = 350B04CF2A4F5F4300EF38DB /* AppDelegate.swift */; };
		350B04D22A4F5F4300EF38DB /* SceneDelegate.swift in Sources */ = {isa = PBXBuildFile; fileRef = 350B04D12A4F5F4300EF38DB /* SceneDelegate.swift */; };
		350B04D42A4F5F4300EF38DB /* MainTabBarViewController.swift in Sources */ = {isa = PBXBuildFile; fileRef = 350B04D32A4F5F4300EF38DB /* MainTabBarViewController.swift */; };
		350B04D92A4F5F4400EF38DB /* Assets.xcassets in Resources */ = {isa = PBXBuildFile; fileRef = 350B04D82A4F5F4400EF38DB /* Assets.xcassets */; };
		350B04DC2A4F5F4400EF38DB /* LaunchScreen.storyboard in Resources */ = {isa = PBXBuildFile; fileRef = 350B04DA2A4F5F4400EF38DB /* LaunchScreen.storyboard */; };
		350B04E52A4F722700EF38DB /* NewStuffController.swift in Sources */ = {isa = PBXBuildFile; fileRef = 350B04E42A4F722700EF38DB /* NewStuffController.swift */; };
		350B04E72A4F761600EF38DB /* SearchController.swift in Sources */ = {isa = PBXBuildFile; fileRef = 350B04E62A4F761600EF38DB /* SearchController.swift */; };
		350B04E92A4F766100EF38DB /* LiveController.swift in Sources */ = {isa = PBXBuildFile; fileRef = 350B04E82A4F766100EF38DB /* LiveController.swift */; };
		350B04EB2A4F770F00EF38DB /* CommunityController.swift in Sources */ = {isa = PBXBuildFile; fileRef = 350B04EA2A4F770F00EF38DB /* CommunityController.swift */; };
		350B04F22A4F895700EF38DB /* CollectionViewTableViewCell.swift in Sources */ = {isa = PBXBuildFile; fileRef = 350B04F12A4F895700EF38DB /* CollectionViewTableViewCell.swift */; };
		350B04F42A4FDC2300EF38DB /* MusicViewController.swift in Sources */ = {isa = PBXBuildFile; fileRef = 350B04F32A4FDC2300EF38DB /* MusicViewController.swift */; };
		350B04F62A4FDE4400EF38DB /* HeroHeaderUIView.swift in Sources */ = {isa = PBXBuildFile; fileRef = 350B04F52A4FDE4400EF38DB /* HeroHeaderUIView.swift */; };
		35213CA72A53CABC00778277 /* APICaller.swift in Sources */ = {isa = PBXBuildFile; fileRef = 35213CA62A53CABC00778277 /* APICaller.swift */; };
		35213CA92A53D30200778277 /* Title.swift in Sources */ = {isa = PBXBuildFile; fileRef = 35213CA82A53D30200778277 /* Title.swift */; };
		35213CAB2A54813000778277 /* Extensions.swift in Sources */ = {isa = PBXBuildFile; fileRef = 35213CAA2A54813000778277 /* Extensions.swift */; };
		35213CAF2A54CB1500778277 /* TitleCollectionViewCell.swift in Sources */ = {isa = PBXBuildFile; fileRef = 35213CAE2A54CB1500778277 /* TitleCollectionViewCell.swift */; };
		35213CB22A55D7A200778277 /* SDWebImage in Frameworks */ = {isa = PBXBuildFile; productRef = 35213CB12A55D7A200778277 /* SDWebImage */; };
		35213CB42A55D7A200778277 /* SDWebImageMapKit in Frameworks */ = {isa = PBXBuildFile; productRef = 35213CB32A55D7A200778277 /* SDWebImageMapKit */; };
		35213CB62A59D3F200778277 /* TitleTableViewCell.swift in Sources */ = {isa = PBXBuildFile; fileRef = 35213CB52A59D3F200778277 /* TitleTableViewCell.swift */; };
		35213CB82A59D90A00778277 /* TitleViewModel.swift in Sources */ = {isa = PBXBuildFile; fileRef = 35213CB72A59D90A00778277 /* TitleViewModel.swift */; };
		35213CBA2A59F0E500778277 /* SearchResultsViewController.swift in Sources */ = {isa = PBXBuildFile; fileRef = 35213CB92A59F0E500778277 /* SearchResultsViewController.swift */; };
		35235C112A5D18C100E31E66 /* StreamChat in Frameworks */ = {isa = PBXBuildFile; productRef = 35235C102A5D18C100E31E66 /* StreamChat */; };
		35235C132A5D18C100E31E66 /* StreamChatTestMockServer in Frameworks */ = {isa = PBXBuildFile; productRef = 35235C122A5D18C100E31E66 /* StreamChatTestMockServer */; };
		35235C152A5D18C100E31E66 /* StreamChatTestTools in Frameworks */ = {isa = PBXBuildFile; productRef = 35235C142A5D18C100E31E66 /* StreamChatTestTools */; };
		35235C172A5D18C100E31E66 /* StreamChatUI in Frameworks */ = {isa = PBXBuildFile; productRef = 35235C162A5D18C100E31E66 /* StreamChatUI */; };
/* End PBXBuildFile section */

/* Begin PBXFileReference section */
		350B04CC2A4F5F4300EF38DB /* Netflix Clone.app */ = {isa = PBXFileReference; explicitFileType = wrapper.application; includeInIndex = 0; path = "Netflix Clone.app"; sourceTree = BUILT_PRODUCTS_DIR; };
		350B04CF2A4F5F4300EF38DB /* AppDelegate.swift */ = {isa = PBXFileReference; lastKnownFileType = sourcecode.swift; path = AppDelegate.swift; sourceTree = "<group>"; };
		350B04D12A4F5F4300EF38DB /* SceneDelegate.swift */ = {isa = PBXFileReference; lastKnownFileType = sourcecode.swift; path = SceneDelegate.swift; sourceTree = "<group>"; };
		350B04D32A4F5F4300EF38DB /* MainTabBarViewController.swift */ = {isa = PBXFileReference; lastKnownFileType = sourcecode.swift; path = MainTabBarViewController.swift; sourceTree = "<group>"; };
		350B04D82A4F5F4400EF38DB /* Assets.xcassets */ = {isa = PBXFileReference; lastKnownFileType = folder.assetcatalog; path = Assets.xcassets; sourceTree = "<group>"; };
		350B04DB2A4F5F4400EF38DB /* Base */ = {isa = PBXFileReference; lastKnownFileType = file.storyboard; name = Base; path = Base.lproj/LaunchScreen.storyboard; sourceTree = "<group>"; };
		350B04DD2A4F5F4400EF38DB /* Info.plist */ = {isa = PBXFileReference; lastKnownFileType = text.plist.xml; path = Info.plist; sourceTree = "<group>"; };
		350B04E42A4F722700EF38DB /* NewStuffController.swift */ = {isa = PBXFileReference; lastKnownFileType = sourcecode.swift; path = NewStuffController.swift; sourceTree = "<group>"; };
		350B04E62A4F761600EF38DB /* SearchController.swift */ = {isa = PBXFileReference; lastKnownFileType = sourcecode.swift; path = SearchController.swift; sourceTree = "<group>"; };
		350B04E82A4F766100EF38DB /* LiveController.swift */ = {isa = PBXFileReference; lastKnownFileType = sourcecode.swift; path = LiveController.swift; sourceTree = "<group>"; };
		350B04EA2A4F770F00EF38DB /* CommunityController.swift */ = {isa = PBXFileReference; lastKnownFileType = sourcecode.swift; path = CommunityController.swift; sourceTree = "<group>"; };
		350B04F12A4F895700EF38DB /* CollectionViewTableViewCell.swift */ = {isa = PBXFileReference; lastKnownFileType = sourcecode.swift; path = CollectionViewTableViewCell.swift; sourceTree = "<group>"; };
		350B04F32A4FDC2300EF38DB /* MusicViewController.swift */ = {isa = PBXFileReference; lastKnownFileType = sourcecode.swift; path = MusicViewController.swift; sourceTree = "<group>"; };
		350B04F52A4FDE4400EF38DB /* HeroHeaderUIView.swift */ = {isa = PBXFileReference; lastKnownFileType = sourcecode.swift; path = HeroHeaderUIView.swift; sourceTree = "<group>"; };
		35213CA62A53CABC00778277 /* APICaller.swift */ = {isa = PBXFileReference; lastKnownFileType = sourcecode.swift; path = APICaller.swift; sourceTree = "<group>"; };
		35213CA82A53D30200778277 /* Title.swift */ = {isa = PBXFileReference; lastKnownFileType = sourcecode.swift; path = Title.swift; sourceTree = "<group>"; };
		35213CAA2A54813000778277 /* Extensions.swift */ = {isa = PBXFileReference; lastKnownFileType = sourcecode.swift; path = Extensions.swift; sourceTree = "<group>"; };
		35213CAE2A54CB1500778277 /* TitleCollectionViewCell.swift */ = {isa = PBXFileReference; lastKnownFileType = sourcecode.swift; path = TitleCollectionViewCell.swift; sourceTree = "<group>"; };
		35213CB52A59D3F200778277 /* TitleTableViewCell.swift */ = {isa = PBXFileReference; lastKnownFileType = sourcecode.swift; path = TitleTableViewCell.swift; sourceTree = "<group>"; };
		35213CB72A59D90A00778277 /* TitleViewModel.swift */ = {isa = PBXFileReference; lastKnownFileType = sourcecode.swift; path = TitleViewModel.swift; sourceTree = "<group>"; };
		35213CB92A59F0E500778277 /* SearchResultsViewController.swift */ = {isa = PBXFileReference; lastKnownFileType = sourcecode.swift; path = SearchResultsViewController.swift; sourceTree = "<group>"; };
/* End PBXFileReference section */

/* Begin PBXFrameworksBuildPhase section */
		350B04C92A4F5F4300EF38DB /* Frameworks */ = {
			isa = PBXFrameworksBuildPhase;
			buildActionMask = 2147483647;
			files = (
				35235C172A5D18C100E31E66 /* StreamChatUI in Frameworks */,
				35235C112A5D18C100E31E66 /* StreamChat in Frameworks */,
				35235C132A5D18C100E31E66 /* StreamChatTestMockServer in Frameworks */,
				35213CB42A55D7A200778277 /* SDWebImageMapKit in Frameworks */,
				35235C152A5D18C100E31E66 /* StreamChatTestTools in Frameworks */,
				35213CB22A55D7A200778277 /* SDWebImage in Frameworks */,
			);
			runOnlyForDeploymentPostprocessing = 0;
		};
/* End PBXFrameworksBuildPhase section */

/* Begin PBXGroup section */
		350B04C32A4F5F4200EF38DB = {
			isa = PBXGroup;
			children = (
				350B04CE2A4F5F4300EF38DB /* Netflix Clone */,
				350B04CD2A4F5F4300EF38DB /* Products */,
			);
			sourceTree = "<group>";
		};
		350B04CD2A4F5F4300EF38DB /* Products */ = {
			isa = PBXGroup;
			children = (
				350B04CC2A4F5F4300EF38DB /* Netflix Clone.app */,
			);
			name = Products;
			sourceTree = "<group>";
		};
		350B04CE2A4F5F4300EF38DB /* Netflix Clone */ = {
			isa = PBXGroup;
			children = (
				350B04F02A4F88F900EF38DB /* Managers */,
				350B04EF2A4F88ED00EF38DB /* Resources */,
				350B04EE2A4F889900EF38DB /* Models */,
				350B04EC2A4F887900EF38DB /* Views */,
				350B04ED2A4F888700EF38DB /* ViewModels */,
				350B04E32A4F71E800EF38DB /* Controllers */,
				350B04D12A4F5F4300EF38DB /* SceneDelegate.swift */,
				350B04CF2A4F5F4300EF38DB /* AppDelegate.swift */,
				350B04D32A4F5F4300EF38DB /* MainTabBarViewController.swift */,
				350B04D82A4F5F4400EF38DB /* Assets.xcassets */,
				350B04DA2A4F5F4400EF38DB /* LaunchScreen.storyboard */,
				350B04DD2A4F5F4400EF38DB /* Info.plist */,
			);
			path = "Netflix Clone";
			sourceTree = "<group>";
		};
		350B04E32A4F71E800EF38DB /* Controllers */ = {
			isa = PBXGroup;
			children = (
				35213CBC2A59F15600778277 /* General */,
				35213CBB2A59F12500778277 /* Core */,
			);
			path = Controllers;
			sourceTree = "<group>";
		};
		350B04EC2A4F887900EF38DB /* Views */ = {
			isa = PBXGroup;
			children = (
				350B04F12A4F895700EF38DB /* CollectionViewTableViewCell.swift */,
				350B04F52A4FDE4400EF38DB /* HeroHeaderUIView.swift */,
				35213CAE2A54CB1500778277 /* TitleCollectionViewCell.swift */,
				35213CB52A59D3F200778277 /* TitleTableViewCell.swift */,
			);
			path = Views;
			sourceTree = "<group>";
		};
		350B04ED2A4F888700EF38DB /* ViewModels */ = {
			isa = PBXGroup;
			children = (
				35213CB72A59D90A00778277 /* TitleViewModel.swift */,
			);
			path = ViewModels;
			sourceTree = "<group>";
		};
		350B04EE2A4F889900EF38DB /* Models */ = {
			isa = PBXGroup;
			children = (
				35213CA82A53D30200778277 /* Title.swift */,
			);
			path = Models;
			sourceTree = "<group>";
		};
		350B04EF2A4F88ED00EF38DB /* Resources */ = {
			isa = PBXGroup;
			children = (
				35213CAA2A54813000778277 /* Extensions.swift */,
			);
			path = Resources;
			sourceTree = "<group>";
		};
		350B04F02A4F88F900EF38DB /* Managers */ = {
			isa = PBXGroup;
			children = (
				35213CA62A53CABC00778277 /* APICaller.swift */,
			);
			path = Managers;
			sourceTree = "<group>";
		};
		35213CBB2A59F12500778277 /* Core */ = {
			isa = PBXGroup;
			children = (
				350B04E42A4F722700EF38DB /* NewStuffController.swift */,
				350B04E62A4F761600EF38DB /* SearchController.swift */,
				350B04E82A4F766100EF38DB /* LiveController.swift */,
				350B04F32A4FDC2300EF38DB /* MusicViewController.swift */,
				350B04EA2A4F770F00EF38DB /* CommunityController.swift */,
			);
			path = Core;
			sourceTree = "<group>";
		};
		35213CBC2A59F15600778277 /* General */ = {
			isa = PBXGroup;
			children = (
				35213CB92A59F0E500778277 /* SearchResultsViewController.swift */,
			);
			path = General;
			sourceTree = "<group>";
		};
/* End PBXGroup section */

/* Begin PBXNativeTarget section */
		350B04CB2A4F5F4300EF38DB /* Netflix Clone */ = {
			isa = PBXNativeTarget;
			buildConfigurationList = 350B04E02A4F5F4400EF38DB /* Build configuration list for PBXNativeTarget "Netflix Clone" */;
			buildPhases = (
				350B04C82A4F5F4300EF38DB /* Sources */,
				350B04C92A4F5F4300EF38DB /* Frameworks */,
				350B04CA2A4F5F4300EF38DB /* Resources */,
			);
			buildRules = (
			);
			dependencies = (
			);
			name = "Netflix Clone";
			packageProductDependencies = (
				35213CB12A55D7A200778277 /* SDWebImage */,
				35213CB32A55D7A200778277 /* SDWebImageMapKit */,
				35235C102A5D18C100E31E66 /* StreamChat */,
				35235C122A5D18C100E31E66 /* StreamChatTestMockServer */,
				35235C142A5D18C100E31E66 /* StreamChatTestTools */,
				35235C162A5D18C100E31E66 /* StreamChatUI */,
			);
			productName = "Netflix Clone";
			productReference = 350B04CC2A4F5F4300EF38DB /* Netflix Clone.app */;
			productType = "com.apple.product-type.application";
		};
/* End PBXNativeTarget section */

/* Begin PBXProject section */
		350B04C42A4F5F4200EF38DB /* Project object */ = {
			isa = PBXProject;
			attributes = {
				BuildIndependentTargetsInParallel = 1;
				LastSwiftUpdateCheck = 1430;
				LastUpgradeCheck = 1430;
				TargetAttributes = {
					350B04CB2A4F5F4300EF38DB = {
						CreatedOnToolsVersion = 14.3.1;
					};
				};
			};
			buildConfigurationList = 350B04C72A4F5F4200EF38DB /* Build configuration list for PBXProject "Netflix Clone" */;
			compatibilityVersion = "Xcode 14.0";
			developmentRegion = en;
			hasScannedForEncodings = 0;
			knownRegions = (
				en,
				Base,
			);
			mainGroup = 350B04C32A4F5F4200EF38DB;
			packageReferences = (
				35213CB02A55D7A100778277 /* XCRemoteSwiftPackageReference "SDWebImage" */,
				35235C0F2A5D18C100E31E66 /* XCRemoteSwiftPackageReference "stream-chat-swift" */,
			);
			productRefGroup = 350B04CD2A4F5F4300EF38DB /* Products */;
			projectDirPath = "";
			projectRoot = "";
			targets = (
				350B04CB2A4F5F4300EF38DB /* Netflix Clone */,
			);
		};
/* End PBXProject section */

/* Begin PBXResourcesBuildPhase section */
		350B04CA2A4F5F4300EF38DB /* Resources */ = {
			isa = PBXResourcesBuildPhase;
			buildActionMask = 2147483647;
			files = (
				350B04DC2A4F5F4400EF38DB /* LaunchScreen.storyboard in Resources */,
				350B04D92A4F5F4400EF38DB /* Assets.xcassets in Resources */,
			);
			runOnlyForDeploymentPostprocessing = 0;
		};
/* End PBXResourcesBuildPhase section */

/* Begin PBXSourcesBuildPhase section */
		350B04C82A4F5F4300EF38DB /* Sources */ = {
			isa = PBXSourcesBuildPhase;
			buildActionMask = 2147483647;
			files = (
				350B04E92A4F766100EF38DB /* LiveController.swift in Sources */,
				35213CBA2A59F0E500778277 /* SearchResultsViewController.swift in Sources */,
				350B04F62A4FDE4400EF38DB /* HeroHeaderUIView.swift in Sources */,
				35213CA92A53D30200778277 /* Title.swift in Sources */,
				350B04D42A4F5F4300EF38DB /* MainTabBarViewController.swift in Sources */,
				350B04F22A4F895700EF38DB /* CollectionViewTableViewCell.swift in Sources */,
				350B04F42A4FDC2300EF38DB /* MusicViewController.swift in Sources */,
				350B04EB2A4F770F00EF38DB /* CommunityController.swift in Sources */,
				35213CAF2A54CB1500778277 /* TitleCollectionViewCell.swift in Sources */,
				350B04D02A4F5F4300EF38DB /* AppDelegate.swift in Sources */,
				35213CAB2A54813000778277 /* Extensions.swift in Sources */,
				35213CB62A59D3F200778277 /* TitleTableViewCell.swift in Sources */,
				350B04D22A4F5F4300EF38DB /* SceneDelegate.swift in Sources */,
				35213CA72A53CABC00778277 /* APICaller.swift in Sources */,
				35213CB82A59D90A00778277 /* TitleViewModel.swift in Sources */,
				350B04E52A4F722700EF38DB /* NewStuffController.swift in Sources */,
				350B04E72A4F761600EF38DB /* SearchController.swift in Sources */,
			);
			runOnlyForDeploymentPostprocessing = 0;
		};
/* End PBXSourcesBuildPhase section */

/* Begin PBXVariantGroup section */
		350B04DA2A4F5F4400EF38DB /* LaunchScreen.storyboard */ = {
			isa = PBXVariantGroup;
			children = (
				350B04DB2A4F5F4400EF38DB /* Base */,
			);
			name = LaunchScreen.storyboard;
			sourceTree = "<group>";
		};
/* End PBXVariantGroup section */

/* Begin XCBuildConfiguration section */
		350B04DE2A4F5F4400EF38DB /* Debug */ = {
			isa = XCBuildConfiguration;
			buildSettings = {
				ALWAYS_SEARCH_USER_PATHS = NO;
				CLANG_ANALYZER_NONNULL = YES;
				CLANG_ANALYZER_NUMBER_OBJECT_CONVERSION = YES_AGGRESSIVE;
				CLANG_CXX_LANGUAGE_STANDARD = "gnu++20";
				CLANG_ENABLE_MODULES = YES;
				CLANG_ENABLE_OBJC_ARC = YES;
				CLANG_ENABLE_OBJC_WEAK = YES;
				CLANG_WARN_BLOCK_CAPTURE_AUTORELEASING = YES;
				CLANG_WARN_BOOL_CONVERSION = YES;
				CLANG_WARN_COMMA = YES;
				CLANG_WARN_CONSTANT_CONVERSION = YES;
				CLANG_WARN_DEPRECATED_OBJC_IMPLEMENTATIONS = YES;
				CLANG_WARN_DIRECT_OBJC_ISA_USAGE = YES_ERROR;
				CLANG_WARN_DOCUMENTATION_COMMENTS = YES;
				CLANG_WARN_EMPTY_BODY = YES;
				CLANG_WARN_ENUM_CONVERSION = YES;
				CLANG_WARN_INFINITE_RECURSION = YES;
				CLANG_WARN_INT_CONVERSION = YES;
				CLANG_WARN_NON_LITERAL_NULL_CONVERSION = YES;
				CLANG_WARN_OBJC_IMPLICIT_RETAIN_SELF = YES;
				CLANG_WARN_OBJC_LITERAL_CONVERSION = YES;
				CLANG_WARN_OBJC_ROOT_CLASS = YES_ERROR;
				CLANG_WARN_QUOTED_INCLUDE_IN_FRAMEWORK_HEADER = YES;
				CLANG_WARN_RANGE_LOOP_ANALYSIS = YES;
				CLANG_WARN_STRICT_PROTOTYPES = YES;
				CLANG_WARN_SUSPICIOUS_MOVE = YES;
				CLANG_WARN_UNGUARDED_AVAILABILITY = YES_AGGRESSIVE;
				CLANG_WARN_UNREACHABLE_CODE = YES;
				CLANG_WARN__DUPLICATE_METHOD_MATCH = YES;
				COPY_PHASE_STRIP = NO;
				DEBUG_INFORMATION_FORMAT = dwarf;
				ENABLE_STRICT_OBJC_MSGSEND = YES;
				ENABLE_TESTABILITY = YES;
				GCC_C_LANGUAGE_STANDARD = gnu11;
				GCC_DYNAMIC_NO_PIC = NO;
				GCC_NO_COMMON_BLOCKS = YES;
				GCC_OPTIMIZATION_LEVEL = 0;
				GCC_PREPROCESSOR_DEFINITIONS = (
					"DEBUG=1",
					"$(inherited)",
				);
				GCC_WARN_64_TO_32_BIT_CONVERSION = YES;
				GCC_WARN_ABOUT_RETURN_TYPE = YES_ERROR;
				GCC_WARN_UNDECLARED_SELECTOR = YES;
				GCC_WARN_UNINITIALIZED_AUTOS = YES_AGGRESSIVE;
				GCC_WARN_UNUSED_FUNCTION = YES;
				GCC_WARN_UNUSED_VARIABLE = YES;
				IPHONEOS_DEPLOYMENT_TARGET = 16.4;
				MTL_ENABLE_DEBUG_INFO = INCLUDE_SOURCE;
				MTL_FAST_MATH = YES;
				ONLY_ACTIVE_ARCH = YES;
				SDKROOT = iphoneos;
				SWIFT_ACTIVE_COMPILATION_CONDITIONS = DEBUG;
				SWIFT_OPTIMIZATION_LEVEL = "-Onone";
			};
			name = Debug;
		};
		350B04DF2A4F5F4400EF38DB /* Release */ = {
			isa = XCBuildConfiguration;
			buildSettings = {
				ALWAYS_SEARCH_USER_PATHS = NO;
				CLANG_ANALYZER_NONNULL = YES;
				CLANG_ANALYZER_NUMBER_OBJECT_CONVERSION = YES_AGGRESSIVE;
				CLANG_CXX_LANGUAGE_STANDARD = "gnu++20";
				CLANG_ENABLE_MODULES = YES;
				CLANG_ENABLE_OBJC_ARC = YES;
				CLANG_ENABLE_OBJC_WEAK = YES;
				CLANG_WARN_BLOCK_CAPTURE_AUTORELEASING = YES;
				CLANG_WARN_BOOL_CONVERSION = YES;
				CLANG_WARN_COMMA = YES;
				CLANG_WARN_CONSTANT_CONVERSION = YES;
				CLANG_WARN_DEPRECATED_OBJC_IMPLEMENTATIONS = YES;
				CLANG_WARN_DIRECT_OBJC_ISA_USAGE = YES_ERROR;
				CLANG_WARN_DOCUMENTATION_COMMENTS = YES;
				CLANG_WARN_EMPTY_BODY = YES;
				CLANG_WARN_ENUM_CONVERSION = YES;
				CLANG_WARN_INFINITE_RECURSION = YES;
				CLANG_WARN_INT_CONVERSION = YES;
				CLANG_WARN_NON_LITERAL_NULL_CONVERSION = YES;
				CLANG_WARN_OBJC_IMPLICIT_RETAIN_SELF = YES;
				CLANG_WARN_OBJC_LITERAL_CONVERSION = YES;
				CLANG_WARN_OBJC_ROOT_CLASS = YES_ERROR;
				CLANG_WARN_QUOTED_INCLUDE_IN_FRAMEWORK_HEADER = YES;
				CLANG_WARN_RANGE_LOOP_ANALYSIS = YES;
				CLANG_WARN_STRICT_PROTOTYPES = YES;
				CLANG_WARN_SUSPICIOUS_MOVE = YES;
				CLANG_WARN_UNGUARDED_AVAILABILITY = YES_AGGRESSIVE;
				CLANG_WARN_UNREACHABLE_CODE = YES;
				CLANG_WARN__DUPLICATE_METHOD_MATCH = YES;
				COPY_PHASE_STRIP = NO;
				DEBUG_INFORMATION_FORMAT = "dwarf-with-dsym";
				ENABLE_NS_ASSERTIONS = NO;
				ENABLE_STRICT_OBJC_MSGSEND = YES;
				GCC_C_LANGUAGE_STANDARD = gnu11;
				GCC_NO_COMMON_BLOCKS = YES;
				GCC_WARN_64_TO_32_BIT_CONVERSION = YES;
				GCC_WARN_ABOUT_RETURN_TYPE = YES_ERROR;
				GCC_WARN_UNDECLARED_SELECTOR = YES;
				GCC_WARN_UNINITIALIZED_AUTOS = YES_AGGRESSIVE;
				GCC_WARN_UNUSED_FUNCTION = YES;
				GCC_WARN_UNUSED_VARIABLE = YES;
				IPHONEOS_DEPLOYMENT_TARGET = 16.4;
				MTL_ENABLE_DEBUG_INFO = NO;
				MTL_FAST_MATH = YES;
				SDKROOT = iphoneos;
				SWIFT_COMPILATION_MODE = wholemodule;
				SWIFT_OPTIMIZATION_LEVEL = "-O";
				VALIDATE_PRODUCT = YES;
			};
			name = Release;
		};
		350B04E12A4F5F4400EF38DB /* Debug */ = {
			isa = XCBuildConfiguration;
			buildSettings = {
				ASSETCATALOG_COMPILER_APPICON_NAME = AppIcon;
				ASSETCATALOG_COMPILER_GLOBAL_ACCENT_COLOR_NAME = AccentColor;
				CODE_SIGN_STYLE = Automatic;
				CURRENT_PROJECT_VERSION = 1;
				DEVELOPMENT_TEAM = JABNZH482Z;
				GENERATE_INFOPLIST_FILE = YES;
				INFOPLIST_FILE = "Netflix Clone/Info.plist";
				INFOPLIST_KEY_UIApplicationSupportsIndirectInputEvents = YES;
				INFOPLIST_KEY_UILaunchStoryboardName = LaunchScreen;
				INFOPLIST_KEY_UISupportedInterfaceOrientations_iPad = "UIInterfaceOrientationPortrait UIInterfaceOrientationPortraitUpsideDown UIInterfaceOrientationLandscapeLeft UIInterfaceOrientationLandscapeRight";
				INFOPLIST_KEY_UISupportedInterfaceOrientations_iPhone = "UIInterfaceOrientationPortrait UIInterfaceOrientationLandscapeLeft UIInterfaceOrientationLandscapeRight";
				LD_RUNPATH_SEARCH_PATHS = (
					"$(inherited)",
					"@executable_path/Frameworks",
				);
				MARKETING_VERSION = 1.0;
				PRODUCT_BUNDLE_IDENTIFIER = "Semilore-Olujobi.Netflix-Clone";
				PRODUCT_NAME = "$(TARGET_NAME)";
				SWIFT_EMIT_LOC_STRINGS = YES;
				SWIFT_VERSION = 5.0;
				TARGETED_DEVICE_FAMILY = "1,2";
			};
			name = Debug;
		};
		350B04E22A4F5F4400EF38DB /* Release */ = {
			isa = XCBuildConfiguration;
			buildSettings = {
				ASSETCATALOG_COMPILER_APPICON_NAME = AppIcon;
				ASSETCATALOG_COMPILER_GLOBAL_ACCENT_COLOR_NAME = AccentColor;
				CODE_SIGN_STYLE = Automatic;
				CURRENT_PROJECT_VERSION = 1;
				DEVELOPMENT_TEAM = JABNZH482Z;
				GENERATE_INFOPLIST_FILE = YES;
				INFOPLIST_FILE = "Netflix Clone/Info.plist";
				INFOPLIST_KEY_UIApplicationSupportsIndirectInputEvents = YES;
				INFOPLIST_KEY_UILaunchStoryboardName = LaunchScreen;
				INFOPLIST_KEY_UISupportedInterfaceOrientations_iPad = "UIInterfaceOrientationPortrait UIInterfaceOrientationPortraitUpsideDown UIInterfaceOrientationLandscapeLeft UIInterfaceOrientationLandscapeRight";
				INFOPLIST_KEY_UISupportedInterfaceOrientations_iPhone = "UIInterfaceOrientationPortrait UIInterfaceOrientationLandscapeLeft UIInterfaceOrientationLandscapeRight";
				LD_RUNPATH_SEARCH_PATHS = (
					"$(inherited)",
					"@executable_path/Frameworks",
				);
				MARKETING_VERSION = 1.0;
				PRODUCT_BUNDLE_IDENTIFIER = "Semilore-Olujobi.Netflix-Clone";
				PRODUCT_NAME = "$(TARGET_NAME)";
				SWIFT_EMIT_LOC_STRINGS = YES;
				SWIFT_VERSION = 5.0;
				TARGETED_DEVICE_FAMILY = "1,2";
			};
			name = Release;
		};
/* End XCBuildConfiguration section */

/* Begin XCConfigurationList section */
		350B04C72A4F5F4200EF38DB /* Build configuration list for PBXProject "Netflix Clone" */ = {
			isa = XCConfigurationList;
			buildConfigurations = (
				350B04DE2A4F5F4400EF38DB /* Debug */,
				350B04DF2A4F5F4400EF38DB /* Release */,
			);
			defaultConfigurationIsVisible = 0;
			defaultConfigurationName = Release;
		};
		350B04E02A4F5F4400EF38DB /* Build configuration list for PBXNativeTarget "Netflix Clone" */ = {
			isa = XCConfigurationList;
			buildConfigurations = (
				350B04E12A4F5F4400EF38DB /* Debug */,
				350B04E22A4F5F4400EF38DB /* Release */,
			);
			defaultConfigurationIsVisible = 0;
			defaultConfigurationName = Release;
		};
/* End XCConfigurationList section */

/* Begin XCRemoteSwiftPackageReference section */
		35213CB02A55D7A100778277 /* XCRemoteSwiftPackageReference "SDWebImage" */ = {
			isa = XCRemoteSwiftPackageReference;
			repositoryURL = "https://github.com/SDWebImage/SDWebImage.git";
			requirement = {
				kind = upToNextMajorVersion;
				minimumVersion = 5.0.0;
			};
		};
		35235C0F2A5D18C100E31E66 /* XCRemoteSwiftPackageReference "stream-chat-swift" */ = {
			isa = XCRemoteSwiftPackageReference;
			repositoryURL = "https://github.com/getstream/stream-chat-swift";
			requirement = {
				branch = main;
				kind = branch;
			};
		};
/* End XCRemoteSwiftPackageReference section */

/* Begin XCSwiftPackageProductDependency section */
		35213CB12A55D7A200778277 /* SDWebImage */ = {
			isa = XCSwiftPackageProductDependency;
			package = 35213CB02A55D7A100778277 /* XCRemoteSwiftPackageReference "SDWebImage" */;
			productName = SDWebImage;
		};
		35213CB32A55D7A200778277 /* SDWebImageMapKit */ = {
			isa = XCSwiftPackageProductDependency;
			package = 35213CB02A55D7A100778277 /* XCRemoteSwiftPackageReference "SDWebImage" */;
			productName = SDWebImageMapKit;
		};
		35235C102A5D18C100E31E66 /* StreamChat */ = {
			isa = XCSwiftPackageProductDependency;
			package = 35235C0F2A5D18C100E31E66 /* XCRemoteSwiftPackageReference "stream-chat-swift" */;
			productName = StreamChat;
		};
		35235C122A5D18C100E31E66 /* StreamChatTestMockServer */ = {
			isa = XCSwiftPackageProductDependency;
			package = 35235C0F2A5D18C100E31E66 /* XCRemoteSwiftPackageReference "stream-chat-swift" */;
			productName = StreamChatTestMockServer;
		};
		35235C142A5D18C100E31E66 /* StreamChatTestTools */ = {
			isa = XCSwiftPackageProductDependency;
			package = 35235C0F2A5D18C100E31E66 /* XCRemoteSwiftPackageReference "stream-chat-swift" */;
			productName = StreamChatTestTools;
		};
		35235C162A5D18C100E31E66 /* StreamChatUI */ = {
			isa = XCSwiftPackageProductDependency;
			package = 35235C0F2A5D18C100E31E66 /* XCRemoteSwiftPackageReference "stream-chat-swift" */;
			productName = StreamChatUI;
		};
/* End XCSwiftPackageProductDependency section */
	};
	rootObject = 350B04C42A4F5F4200EF38DB /* Project object */;
}
