{
  "pins" : [
    {
      "identity" : "difference",
      "kind" : "remoteSourceControl",
      "location" : "https://github.com/krzysztofzablocki/Difference.git",
      "state" : {
        "revision" : "02fe1111edc8318c4f8a0da96336fcbcc201f38b",
        "version" : "1.0.1"
      }
    },
    {
      "identity" : "sdwebimage",
      "kind" : "remoteSourceControl",
      "location" : "https://github.com/SDWebImage/SDWebImage.git",
      "state" : {
        "revision" : "c51ba84499268ea3020e6aee9e229c0f56b9d924",
        "version" : "5.16.0"
      }
    },
    {
      "identity" : "stream-chat-swift",
      "kind" : "remoteSourceControl",
      "location" : "https://github.com/getstream/stream-chat-swift",
      "state" : {
        "branch" : "main",
        "revision" : "93421b69cd0f15e755a6e480e060fc96cd03e011"
      }
    },
    {
      "identity" : "stream-chat-swift-test-helpers",
      "kind" : "remoteSourceControl",
      "location" : "https://github.com/GetStream/stream-chat-swift-test-helpers.git",
      "state" : {
        "revision" : "237da98e4946ed8e2dac51d9e82e713b0d47a298",
        "version" : "0.2.5"
      }
    },
    {
      "identity" : "swifter",
      "kind" : "remoteSourceControl",
      "location" : "https://github.com/httpswift/swifter",
      "state" : {
        "revision" : "9483a5d459b45c3ffd059f7b55f9638e268632fd",
        "version" : "1.5.0"
      }
    }
  ],
  "version" : 2
}
